
Microsoft Visual Studio Solution File, Format Version 12.00
# Visual Studio Version 17
VisualStudioVersion = 17.14.36202.13
MinimumVisualStudioVersion = 10.0.40219.1
Project("{FAE04EC0-301F-11D3-BF4B-00C04F79EFBC}") = "PacketSniffer", "PacketSniffer\PacketSniffer.csproj", "{B990FE9C-E467-46DF-AEBD-BA383B09CBDB}"
EndProject
Global
	GlobalSection(SolutionConfigurationPlatforms) = preSolution
		Debug|Any CPU = Debug|Any CPU
		Release|Any CPU = Release|Any CPU
	EndGlobalSection
	GlobalSection(ProjectConfigurationPlatforms) = postSolution
		{B990FE9C-E467-46DF-AEBD-BA383B09CBDB}.Debug|Any CPU.ActiveCfg = Debug|Any CPU
		{B990FE9C-E467-46DF-AEBD-BA383B09CBDB}.Debug|Any CPU.Build.0 = Debug|Any CPU
		{B990FE9C-E467-46DF-AEBD-BA383B09CBDB}.Release|Any CPU.ActiveCfg = Release|Any CPU
		{B990FE9C-E467-46DF-AEBD-BA383B09CBDB}.Release|Any CPU.Build.0 = Release|Any CPU
	EndGlobalSection
	GlobalSection(SolutionProperties) = preSolution
		HideSolutionNode = FALSE
	EndGlobalSection
	GlobalSection(ExtensibilityGlobals) = postSolution
		SolutionGuid = {0F419B00-FA45-4BA4-AC9B-0F19F7293AAE}
	EndGlobalSection
EndGlobal
